
Microsoft Visual Studio Solution File, Format Version 12.00
# Visual Studio Version 17
VisualStudioVersion = 17.9.34321.82
MinimumVisualStudioVersion = 10.0.40219.1
Project("{9A19103F-16F7-4668-BE54-9A1E7A4F7556}") = "BlazorProducts.Client", "BlazorProducts.Client\BlazorProducts.Client.csproj", "{1A1471CD-25D8-4F59-9DD7-7351F9C3601B}"
EndProject
Project("{9A19103F-16F7-4668-BE54-9A1E7A4F7556}") = "BlazorProducts.Server", "BlazorProducts.Server\BlazorProducts.Server.csproj", "{6BC5756E-C964-404F-9956-04AB6B47107F}"
EndProject
Project("{9A19103F-16F7-4668-BE54-9A1E7A4F7556}") = "Entities", "Entities\Entities.csproj", "{456ACA34-D044-4A96-9396-440DA132BD11}"
EndProject
Global
	GlobalSection(SolutionConfigurationPlatforms) = preSolution
		Debug|Any CPU = Debug|Any CPU
		Release|Any CPU = Release|Any CPU
	EndGlobalSection
	GlobalSection(ProjectConfigurationPlatforms) = postSolution
		{1A1471CD-25D8-4F59-9DD7-7351F9C3601B}.Debug|Any CPU.ActiveCfg = Debug|Any CPU
		{1A1471CD-25D8-4F59-9DD7-7351F9C3601B}.Debug|Any CPU.Build.0 = Debug|Any CPU
		{1A1471CD-25D8-4F59-9DD7-7351F9C3601B}.Release|Any CPU.ActiveCfg = Release|Any CPU
		{1A1471CD-25D8-4F59-9DD7-7351F9C3601B}.Release|Any CPU.Build.0 = Release|Any CPU
		{6BC5756E-C964-404F-9956-04AB6B47107F}.Debug|Any CPU.ActiveCfg = Debug|Any CPU
		{6BC5756E-C964-404F-9956-04AB6B47107F}.Debug|Any CPU.Build.0 = Debug|Any CPU
		{6BC5756E-C964-404F-9956-04AB6B47107F}.Release|Any CPU.ActiveCfg = Release|Any CPU
		{6BC5756E-C964-404F-9956-04AB6B47107F}.Release|Any CPU.Build.0 = Release|Any CPU
		{456ACA34-D044-4A96-9396-440DA132BD11}.Debug|Any CPU.ActiveCfg = Debug|Any CPU
		{456ACA34-D044-4A96-9396-440DA132BD11}.Debug|Any CPU.Build.0 = Debug|Any CPU
		{456ACA34-D044-4A96-9396-440DA132BD11}.Release|Any CPU.ActiveCfg = Release|Any CPU
		{456ACA34-D044-4A96-9396-440DA132BD11}.Release|Any CPU.Build.0 = Release|Any CPU
	EndGlobalSection
	GlobalSection(SolutionProperties) = preSolution
		HideSolutionNode = FALSE
	EndGlobalSection
	GlobalSection(ExtensibilityGlobals) = postSolution
		SolutionGuid = {5B317EA7-8831-499B-989E-6F9AC9C37D9C}
	EndGlobalSection
EndGlobal
